
Microsoft Visual Studio Solution File, Format Version 12.00
# Visual Studio 15
VisualStudioVersion = 15.0.28010.2046
MinimumVisualStudioVersion = 10.0.40219.1
Project("{8BC9CEB8-8B4A-11D0-8D11-00A0C91BC942}") = "GizliTuzak", "GizliTuzak\GizliTuzak.vcxproj", "{FF13D251-C698-4EA9-BCCB-474B05056BD7}"
EndProject
Global
	GlobalSection(SolutionConfigurationPlatforms) = preSolution
		Debug|x64 = Debug|x64
		Debug|x86 = Debug|x86
		Release|x64 = Release|x64
		Release|x86 = Release|x86
	EndGlobalSection
	GlobalSection(ProjectConfigurationPlatforms) = postSolution
		{FF13D251-C698-4EA9-BCCB-474B05056BD7}.Debug|x64.ActiveCfg = Debug|x64
		{FF13D251-C698-4EA9-BCCB-474B05056BD7}.Debug|x64.Build.0 = Debug|x64
		{FF13D251-C698-4EA9-BCCB-474B05056BD7}.Debug|x86.ActiveCfg = Debug|Win32
		{FF13D251-C698-4EA9-BCCB-474B05056BD7}.Debug|x86.Build.0 = Debug|Win32
		{FF13D251-C698-4EA9-BCCB-474B05056BD7}.Release|x64.ActiveCfg = Release|x64
		{FF13D251-C698-4EA9-BCCB-474B05056BD7}.Release|x64.Build.0 = Release|x64
		{FF13D251-C698-4EA9-BCCB-474B05056BD7}.Release|x86.ActiveCfg = Release|Win32
		{FF13D251-C698-4EA9-BCCB-474B05056BD7}.Release|x86.Build.0 = Release|Win32
	EndGlobalSection
	GlobalSection(SolutionProperties) = preSolution
		HideSolutionNode = FALSE
	EndGlobalSection
	GlobalSection(ExtensibilityGlobals) = postSolution
		SolutionGuid = {BCAF8EFC-DDE1-434C-8B1E-7FEE03A953FA}
	EndGlobalSection
EndGlobal
